{
  "name": "ngx-audio-player",
  "version": "11.0.3",
  "lockfileVersion": 2,
  "requires": true,
  "packages": {
    "": {
      "version": "11.0.3",
      "license": "MIT",
      "dependencies": {
        "tslib": "^2.0.0"
      },
      "peerDependencies": {
        "@angular/common": "^11.0.0",
        "@angular/core": "^11.0.0",
        "@angular/material": "^11.0.0",
        "rxjs": "^6.6.3"
      }
    },
    "node_modules/@angular/animations": {
      "version": "11.1.2",
      "resolved": "https://registry.npmjs.org/@angular/animations/-/animations-11.1.2.tgz",
      "integrity": "sha512-n3mn5Fll4HxMb4aLN8oRrk7lQiToSNA7nI59Q+O4XPwA4Z8Mjtm2NZe2U/IvYrprh0y/6KdOI5u/+yyF5sKlsQ==",
      "peer": true,
      "dependencies": {
        "tslib": "^2.0.0"
      },
      "peerDependencies": {
        "@angular/core": "11.1.2"
      }
    },
    "node_modules/@angular/cdk": {
      "version": "11.1.2",
      "resolved": "https://registry.npmjs.org/@angular/cdk/-/cdk-11.1.2.tgz",
      "integrity": "sha512-RnKvMWAIcWbWoUdBfAoOs4pQl6t5O+1OuPlBNK5aL2FYqoLv5U0fP88Rf7OhjPlD0ASsPGLG45t+dA5sUVZ46Q==",
      "peer": true,
      "dependencies": {
        "parse5": "^5.0.0",
        "tslib": "^2.0.0"
      },
      "optionalDependencies": {
        "parse5": "^5.0.0"
      },
      "peerDependencies": {
        "@angular/common": "^11.0.0 || ^12.0.0-0",
        "@angular/core": "^11.0.0 || ^12.0.0-0"
      }
    },
    "node_modules/@angular/common": {
      "version": "11.1.2",
      "resolved": "https://registry.npmjs.org/@angular/common/-/common-11.1.2.tgz",
      "integrity": "sha512-/+tMeFikT55VgOnx30y6M/WTuSwUarehpKhJ9F61hLZBTzWAIWuaD5DODZVnZ7b15pwgEO8UWnfr4778HTQlTw==",
      "peer": true,
      "dependencies": {
        "tslib": "^2.0.0"
      },
      "peerDependencies": {
        "@angular/core": "11.1.2",
        "rxjs": "^6.5.3"
      }
    },
    "node_modules/@angular/core": {
      "version": "11.1.2",
      "resolved": "https://registry.npmjs.org/@angular/core/-/core-11.1.2.tgz",
      "integrity": "sha512-5urIQTcRZ2hd9Q2JE0KQocjlIvuRdlrSGzxjf9OZbOuapXDNF0Sb3uEcVnt980NS7vw0Am5thVP9gDspS45c7Q==",
      "peer": true,
      "dependencies": {
        "tslib": "^2.0.0"
      },
      "peerDependencies": {
        "rxjs": "^6.5.3",
        "zone.js": "^0.10.2 || ^0.11.3"
      }
    },
    "node_modules/@angular/forms": {
      "version": "11.1.2",
      "resolved": "https://registry.npmjs.org/@angular/forms/-/forms-11.1.2.tgz",
      "integrity": "sha512-zdOWgRgX8P1ULAzlv1fEjL/LZDdlJAD/0IfuFm0TiA4YyYopla+n6PC/9R6AfFWlZhvWEIzSNdk8s23UYEh3HQ==",
      "peer": true,
      "dependencies": {
        "tslib": "^2.0.0"
      },
      "peerDependencies": {
        "@angular/common": "11.1.2",
        "@angular/core": "11.1.2",
        "@angular/platform-browser": "11.1.2",
        "rxjs": "^6.5.3"
      }
    },
    "node_modules/@angular/material": {
      "version": "11.1.2",
      "resolved": "https://registry.npmjs.org/@angular/material/-/material-11.1.2.tgz",
      "integrity": "sha512-Fyjk6LUrJ+mJmRMrnM2L4Q9pijuhLa8q1G50mUYa81OJPWnhMRlzoM2dDHpS/ibIARpBc3QA8PmF3hUgyLxgMg==",
      "peer": true,
      "dependencies": {
        "tslib": "^2.0.0"
      },
      "peerDependencies": {
        "@angular/animations": "^11.0.0 || ^12.0.0-0",
        "@angular/cdk": "11.1.2",
        "@angular/common": "^11.0.0 || ^12.0.0-0",
        "@angular/core": "^11.0.0 || ^12.0.0-0",
        "@angular/forms": "^11.0.0 || ^12.0.0-0"
      }
    },
    "node_modules/@angular/platform-browser": {
      "version": "11.1.2",
      "resolved": "https://registry.npmjs.org/@angular/platform-browser/-/platform-browser-11.1.2.tgz",
      "integrity": "sha512-jgOCBGlvVSqR5PN7vyhlQxrg6lLZDur+e5pgP6Gmi2NcywSq7fNAJjZSNLv/FptTLlGl9dVAbrAkyeQaPU1KfQ==",
      "peer": true,
      "dependencies": {
        "tslib": "^2.0.0"
      },
      "peerDependencies": {
        "@angular/animations": "11.1.2",
        "@angular/common": "11.1.2",
        "@angular/core": "11.1.2"
      },
      "peerDependenciesMeta": {
        "@angular/animations": {
          "optional": true
        }
      }
    },
    "node_modules/parse5": {
      "version": "5.1.1",
      "resolved": "https://registry.npmjs.org/parse5/-/parse5-5.1.1.tgz",
      "integrity": "sha512-ugq4DFI0Ptb+WWjAdOK16+u/nHfiIrcE+sh8kZMaM0WllQKLI9rOUq6c2b7cwPkXdzfQESqvoqK6ug7U/Yyzug==",
      "optional": true,
      "peer": true
    },
    "node_modules/rxjs": {
      "version": "6.6.3",
      "resolved": "https://registry.npmjs.org/rxjs/-/rxjs-6.6.3.tgz",
      "integrity": "sha512-trsQc+xYYXZ3urjOiJOuCOa5N3jAZ3eiSpQB5hIT8zGlL2QfnHLJ2r7GMkBGuIausdJN1OneaI6gQlsqNHHmZQ==",
      "peer": true,
      "dependencies": {
        "tslib": "^1.9.0"
      },
      "engines": {
        "npm": ">=2.0.0"
      }
    },
    "node_modules/rxjs/node_modules/tslib": {
      "version": "1.14.1",
      "resolved": "https://registry.npmjs.org/tslib/-/tslib-1.14.1.tgz",
      "integrity": "sha512-Xni35NKzjgMrwevysHTCArtLDpPvye8zV/0E4EyYn43P7/7qvQwPh9BGkHewbMulVntbigmcT7rdX3BNo9wRJg==",
      "peer": true
    },
    "node_modules/tslib": {
      "version": "2.1.0",
      "resolved": "https://registry.npmjs.org/tslib/-/tslib-2.1.0.tgz",
      "integrity": "sha512-hcVC3wYEziELGGmEEXue7D75zbwIIVUMWAVbHItGPx0ziyXxrOMQx4rQEVEV45Ut/1IotuEvwqPopzIOkDMf0A=="
    },
    "node_modules/zone.js": {
      "version": "0.11.3",
      "resolved": "https://registry.npmjs.org/zone.js/-/zone.js-0.11.3.tgz",
      "integrity": "sha512-Y4hTHoh4VcxU5BDGAqEoOnOiyT254w6CiHtpQxAJUSMZPyVgdbKf+5R7Mwz6xsPhMIeBXk5rTopRZDpjssTCUg==",
      "peer": true,
      "dependencies": {
        "tslib": "^2.0.0"
      }
    }
  },
  "dependencies": {
    "@angular/animations": {
      "version": "11.1.2",
      "resolved": "https://registry.npmjs.org/@angular/animations/-/animations-11.1.2.tgz",
      "integrity": "sha512-n3mn5Fll4HxMb4aLN8oRrk7lQiToSNA7nI59Q+O4XPwA4Z8Mjtm2NZe2U/IvYrprh0y/6KdOI5u/+yyF5sKlsQ==",
      "peer": true,
      "requires": {
        "tslib": "^2.0.0"
      }
    },
    "@angular/cdk": {
      "version": "11.1.2",
      "resolved": "https://registry.npmjs.org/@angular/cdk/-/cdk-11.1.2.tgz",
      "integrity": "sha512-RnKvMWAIcWbWoUdBfAoOs4pQl6t5O+1OuPlBNK5aL2FYqoLv5U0fP88Rf7OhjPlD0ASsPGLG45t+dA5sUVZ46Q==",
      "peer": true,
      "requires": {
        "parse5": "^5.0.0",
        "tslib": "^2.0.0"
      }
    },
    "@angular/common": {
      "version": "11.1.2",
      "resolved": "https://registry.npmjs.org/@angular/common/-/common-11.1.2.tgz",
      "integrity": "sha512-/+tMeFikT55VgOnx30y6M/WTuSwUarehpKhJ9F61hLZBTzWAIWuaD5DODZVnZ7b15pwgEO8UWnfr4778HTQlTw==",
      "peer": true,
      "requires": {
        "tslib": "^2.0.0"
      }
    },
    "@angular/core": {
      "version": "11.1.2",
      "resolved": "https://registry.npmjs.org/@angular/core/-/core-11.1.2.tgz",
      "integrity": "sha512-5urIQTcRZ2hd9Q2JE0KQocjlIvuRdlrSGzxjf9OZbOuapXDNF0Sb3uEcVnt980NS7vw0Am5thVP9gDspS45c7Q==",
      "peer": true,
      "requires": {
        "tslib": "^2.0.0"
      }
    },
    "@angular/forms": {
      "version": "11.1.2",
      "resolved": "https://registry.npmjs.org/@angular/forms/-/forms-11.1.2.tgz",
      "integrity": "sha512-zdOWgRgX8P1ULAzlv1fEjL/LZDdlJAD/0IfuFm0TiA4YyYopla+n6PC/9R6AfFWlZhvWEIzSNdk8s23UYEh3HQ==",
      "peer": true,
      "requires": {
        "tslib": "^2.0.0"
      }
    },
    "@angular/material": {
      "version": "11.1.2",
      "resolved": "https://registry.npmjs.org/@angular/material/-/material-11.1.2.tgz",
      "integrity": "sha512-Fyjk6LUrJ+mJmRMrnM2L4Q9pijuhLa8q1G50mUYa81OJPWnhMRlzoM2dDHpS/ibIARpBc3QA8PmF3hUgyLxgMg==",
      "peer": true,
      "requires": {
        "tslib": "^2.0.0"
      }
    },
    "@angular/platform-browser": {
      "version": "11.1.2",
      "resolved": "https://registry.npmjs.org/@angular/platform-browser/-/platform-browser-11.1.2.tgz",
      "integrity": "sha512-jgOCBGlvVSqR5PN7vyhlQxrg6lLZDur+e5pgP6Gmi2NcywSq7fNAJjZSNLv/FptTLlGl9dVAbrAkyeQaPU1KfQ==",
      "peer": true,
      "requires": {
        "tslib": "^2.0.0"
      }
    },
    "parse5": {
      "version": "5.1.1",
      "resolved": "https://registry.npmjs.org/parse5/-/parse5-5.1.1.tgz",
      "integrity": "sha512-ugq4DFI0Ptb+WWjAdOK16+u/nHfiIrcE+sh8kZMaM0WllQKLI9rOUq6c2b7cwPkXdzfQESqvoqK6ug7U/Yyzug==",
      "optional": true,
      "peer": true
    },
    "rxjs": {
      "version": "6.6.3",
      "resolved": "https://registry.npmjs.org/rxjs/-/rxjs-6.6.3.tgz",
      "integrity": "sha512-trsQc+xYYXZ3urjOiJOuCOa5N3jAZ3eiSpQB5hIT8zGlL2QfnHLJ2r7GMkBGuIausdJN1OneaI6gQlsqNHHmZQ==",
      "peer": true,
      "requires": {
        "tslib": "^1.9.0"
      },
      "dependencies": {
        "tslib": {
          "version": "1.14.1",
          "resolved": "https://registry.npmjs.org/tslib/-/tslib-1.14.1.tgz",
          "integrity": "sha512-Xni35NKzjgMrwevysHTCArtLDpPvye8zV/0E4EyYn43P7/7qvQwPh9BGkHewbMulVntbigmcT7rdX3BNo9wRJg==",
          "peer": true
        }
      }
    },
    "tslib": {
      "version": "2.1.0",
      "resolved": "https://registry.npmjs.org/tslib/-/tslib-2.1.0.tgz",
      "integrity": "sha512-hcVC3wYEziELGGmEEXue7D75zbwIIVUMWAVbHItGPx0ziyXxrOMQx4rQEVEV45Ut/1IotuEvwqPopzIOkDMf0A=="
    },
    "zone.js": {
      "version": "0.11.3",
      "resolved": "https://registry.npmjs.org/zone.js/-/zone.js-0.11.3.tgz",
      "integrity": "sha512-Y4hTHoh4VcxU5BDGAqEoOnOiyT254w6CiHtpQxAJUSMZPyVgdbKf+5R7Mwz6xsPhMIeBXk5rTopRZDpjssTCUg==",
      "peer": true,
      "requires": {
        "tslib": "^2.0.0"
      }
    }
  }
}
